
Microsoft Visual Studio Solution File, Format Version 12.00
# Visual Studio Version 17
VisualStudioVersion = 17.3.32825.248
MinimumVisualStudioVersion = 10.0.40219.1
Project("{FAE04EC0-301F-11D3-BF4B-00C04F79EFBC}") = "InstrukcjeWarunkowe", "InstrukcjeWarunkowe\InstrukcjeWarunkowe.csproj", "{50678DF1-0365-49C5-96F3-D98A8D4D8225}"
EndProject
Global
	GlobalSection(SolutionConfigurationPlatforms) = preSolution
		Debug|Any CPU = Debug|Any CPU
		Release|Any CPU = Release|Any CPU
	EndGlobalSection
	GlobalSection(ProjectConfigurationPlatforms) = postSolution
		{50678DF1-0365-49C5-96F3-D98A8D4D8225}.Debug|Any CPU.ActiveCfg = Debug|Any CPU
		{50678DF1-0365-49C5-96F3-D98A8D4D8225}.Debug|Any CPU.Build.0 = Debug|Any CPU
		{50678DF1-0365-49C5-96F3-D98A8D4D8225}.Release|Any CPU.ActiveCfg = Release|Any CPU
		{50678DF1-0365-49C5-96F3-D98A8D4D8225}.Release|Any CPU.Build.0 = Release|Any CPU
	EndGlobalSection
	GlobalSection(SolutionProperties) = preSolution
		HideSolutionNode = FALSE
	EndGlobalSection
	GlobalSection(ExtensibilityGlobals) = postSolution
		SolutionGuid = {649FFDFA-F9C7-4702-B508-C71E8218D9E0}
	EndGlobalSection
EndGlobal
